<?xml version="1.0" encoding="utf-8"?>
<Project ToolsVersion="17.0" xmlns="http://schemas.microsoft.com/developer/msbuild/2003">
  <ItemGroup>
    <CustomBuild Include="D:\Git\DSA\Sort\build-Visual-Studio\CMakeFiles\823c520868aef6cdfbe26ddf975d7d3b\generate.stamp.rule">
      <Filter>CMake Rules</Filter>
    </CustomBuild>
  </ItemGroup>
  <ItemGroup>
    <Filter Include="CMake Rules">
      <UniqueIdentifier>{3BF141A6-C2AE-3F87-920B-D243029FFD1E}</UniqueIdentifier>
    </Filter>
  </ItemGroup>
</Project>
